
Microsoft Visual Studio Solution File, Format Version 12.00
# Visual Studio Version 17
VisualStudioVersion = 17.13.35919.96 d17.13
MinimumVisualStudioVersion = 10.0.40219.1
Project("{8BC9CEB8-8B4A-11D0-8D11-00A0C91BC942}") = "PCA demo", "PCA demo.vcxproj", "{DABE140F-954F-4181-B42B-B22BEF7CDD28}"
EndProject
Global
	GlobalSection(SolutionConfigurationPlatforms) = preSolution
		Debug|x64 = Debug|x64
		Debug|x86 = Debug|x86
		Release|x64 = Release|x64
		Release|x86 = Release|x86
	EndGlobalSection
	GlobalSection(ProjectConfigurationPlatforms) = postSolution
		{DABE140F-954F-4181-B42B-B22BEF7CDD28}.Debug|x64.ActiveCfg = Debug|x64
		{DABE140F-954F-4181-B42B-B22BEF7CDD28}.Debug|x64.Build.0 = Debug|x64
		{DABE140F-954F-4181-B42B-B22BEF7CDD28}.Debug|x86.ActiveCfg = Debug|Win32
		{DABE140F-954F-4181-B42B-B22BEF7CDD28}.Debug|x86.Build.0 = Debug|Win32
		{DABE140F-954F-4181-B42B-B22BEF7CDD28}.Release|x64.ActiveCfg = Release|x64
		{DABE140F-954F-4181-B42B-B22BEF7CDD28}.Release|x64.Build.0 = Release|x64
		{DABE140F-954F-4181-B42B-B22BEF7CDD28}.Release|x86.ActiveCfg = Release|Win32
		{DABE140F-954F-4181-B42B-B22BEF7CDD28}.Release|x86.Build.0 = Release|Win32
	EndGlobalSection
	GlobalSection(SolutionProperties) = preSolution
		HideSolutionNode = FALSE
	EndGlobalSection
	GlobalSection(ExtensibilityGlobals) = postSolution
		SolutionGuid = {09596511-D81F-4834-BE9B-7294E6F323EC}
	EndGlobalSection
EndGlobal
